
Microsoft Visual Studio Solution File, Format Version 12.00
# Visual Studio Version 17
VisualStudioVersion = 17.11.35312.102
MinimumVisualStudioVersion = 10.0.40219.1
Project("{FAE04EC0-301F-11D3-BF4B-00C04F79EFBC}") = "hello.git.hab", "hello.git.hab\hello.git.hab.csproj", "{71A112A3-0AE2-449E-948D-971C91B64183}"
EndProject
Global
	GlobalSection(SolutionConfigurationPlatforms) = preSolution
		Debug|Any CPU = Debug|Any CPU
		Release|Any CPU = Release|Any CPU
	EndGlobalSection
	GlobalSection(ProjectConfigurationPlatforms) = postSolution
		{71A112A3-0AE2-449E-948D-971C91B64183}.Debug|Any CPU.ActiveCfg = Debug|Any CPU
		{71A112A3-0AE2-449E-948D-971C91B64183}.Debug|Any CPU.Build.0 = Debug|Any CPU
		{71A112A3-0AE2-449E-948D-971C91B64183}.Release|Any CPU.ActiveCfg = Release|Any CPU
		{71A112A3-0AE2-449E-948D-971C91B64183}.Release|Any CPU.Build.0 = Release|Any CPU
	EndGlobalSection
	GlobalSection(SolutionProperties) = preSolution
		HideSolutionNode = FALSE
	EndGlobalSection
	GlobalSection(ExtensibilityGlobals) = postSolution
		SolutionGuid = {D45547A9-2EA4-46D1-85D2-6A809A9EB1D4}
	EndGlobalSection
EndGlobal
